// !$*UTF8*$!
{
	archiveVersion = 1;
	classes = {
	};
	objectVersion = 50;
	objects = {

/* Begin PBXBuildFile section */
		D237D93E23E8C40C003E3757 /* AppDelegate.swift in Sources */ = {isa = PBXBuildFile; fileRef = D237D93D23E8C40C003E3757 /* AppDelegate.swift */; };
		D237D94023E8C40C003E3757 /* SceneDelegate.swift in Sources */ = {isa = PBXBuildFile; fileRef = D237D93F23E8C40C003E3757 /* SceneDelegate.swift */; };
		D237D94223E8C40C003E3757 /* CalculatorViewController.swift in Sources */ = {isa = PBXBuildFile; fileRef = D237D94123E8C40C003E3757 /* CalculatorViewController.swift */; };
		D237D94523E8C40C003E3757 /* Main.storyboard in Resources */ = {isa = PBXBuildFile; fileRef = D237D94323E8C40C003E3757 /* Main.storyboard */; };
		D237D94823E8C40C003E3757 /* ISF_Calc.xcdatamodeld in Sources */ = {isa = PBXBuildFile; fileRef = D237D94623E8C40C003E3757 /* ISF_Calc.xcdatamodeld */; };
		D237D94A23E8C40D003E3757 /* Assets.xcassets in Resources */ = {isa = PBXBuildFile; fileRef = D237D94923E8C40D003E3757 /* Assets.xcassets */; };
		D237D94D23E8C40D003E3757 /* LaunchScreen.storyboard in Resources */ = {isa = PBXBuildFile; fileRef = D237D94B23E8C40D003E3757 /* LaunchScreen.storyboard */; };
		D237D95523E8C483003E3757 /* ResultViewController.swift in Sources */ = {isa = PBXBuildFile; fileRef = D237D95423E8C483003E3757 /* ResultViewController.swift */; };
		D237D95A23E8C4EA003E3757 /* TabViewController.swift in Sources */ = {isa = PBXBuildFile; fileRef = D237D95923E8C4EA003E3757 /* TabViewController.swift */; };
		D237D95C23E8C577003E3757 /* RecordsViewController.swift in Sources */ = {isa = PBXBuildFile; fileRef = D237D95B23E8C577003E3757 /* RecordsViewController.swift */; };
		D2D158FE23E8DB3000A6A604 /* DataEntryTableViewCell.swift in Sources */ = {isa = PBXBuildFile; fileRef = D2D158FD23E8DB3000A6A604 /* DataEntryTableViewCell.swift */; };
		D2D1590023E8DD3800A6A604 /* EntryOptions.swift in Sources */ = {isa = PBXBuildFile; fileRef = D2D158FF23E8DD3800A6A604 /* EntryOptions.swift */; };
		D2D1590223E8E1BA00A6A604 /* SectionView.swift in Sources */ = {isa = PBXBuildFile; fileRef = D2D1590123E8E1BA00A6A604 /* SectionView.swift */; };
		D2D1590423E91EE500A6A604 /* DataEntryDataSource.swift in Sources */ = {isa = PBXBuildFile; fileRef = D2D1590323E91EE500A6A604 /* DataEntryDataSource.swift */; };
/* End PBXBuildFile section */

/* Begin PBXFileReference section */
		D237D93A23E8C40C003E3757 /* ISF Calc.app */ = {isa = PBXFileReference; explicitFileType = wrapper.application; includeInIndex = 0; path = "ISF Calc.app"; sourceTree = BUILT_PRODUCTS_DIR; };
		D237D93D23E8C40C003E3757 /* AppDelegate.swift */ = {isa = PBXFileReference; lastKnownFileType = sourcecode.swift; path = AppDelegate.swift; sourceTree = "<group>"; };
		D237D93F23E8C40C003E3757 /* SceneDelegate.swift */ = {isa = PBXFileReference; lastKnownFileType = sourcecode.swift; path = SceneDelegate.swift; sourceTree = "<group>"; };
		D237D94123E8C40C003E3757 /* CalculatorViewController.swift */ = {isa = PBXFileReference; lastKnownFileType = sourcecode.swift; path = CalculatorViewController.swift; sourceTree = "<group>"; };
		D237D94423E8C40C003E3757 /* Base */ = {isa = PBXFileReference; lastKnownFileType = file.storyboard; name = Base; path = Base.lproj/Main.storyboard; sourceTree = "<group>"; };
		D237D94723E8C40C003E3757 /* ISF_Calc.xcdatamodel */ = {isa = PBXFileReference; lastKnownFileType = wrapper.xcdatamodel; path = ISF_Calc.xcdatamodel; sourceTree = "<group>"; };
		D237D94923E8C40D003E3757 /* Assets.xcassets */ = {isa = PBXFileReference; lastKnownFileType = folder.assetcatalog; path = Assets.xcassets; sourceTree = "<group>"; };
		D237D94C23E8C40D003E3757 /* Base */ = {isa = PBXFileReference; lastKnownFileType = file.storyboard; name = Base; path = Base.lproj/LaunchScreen.storyboard; sourceTree = "<group>"; };
		D237D94E23E8C40D003E3757 /* Info.plist */ = {isa = PBXFileReference; lastKnownFileType = text.plist.xml; path = Info.plist; sourceTree = "<group>"; };
		D237D95423E8C483003E3757 /* ResultViewController.swift */ = {isa = PBXFileReference; lastKnownFileType = sourcecode.swift; path = ResultViewController.swift; sourceTree = "<group>"; };
		D237D95923E8C4EA003E3757 /* TabViewController.swift */ = {isa = PBXFileReference; lastKnownFileType = sourcecode.swift; path = TabViewController.swift; sourceTree = "<group>"; };
		D237D95B23E8C577003E3757 /* RecordsViewController.swift */ = {isa = PBXFileReference; lastKnownFileType = sourcecode.swift; path = RecordsViewController.swift; sourceTree = "<group>"; };
		D2D158FD23E8DB3000A6A604 /* DataEntryTableViewCell.swift */ = {isa = PBXFileReference; lastKnownFileType = sourcecode.swift; path = DataEntryTableViewCell.swift; sourceTree = "<group>"; };
		D2D158FF23E8DD3800A6A604 /* EntryOptions.swift */ = {isa = PBXFileReference; lastKnownFileType = sourcecode.swift; path = EntryOptions.swift; sourceTree = "<group>"; };
		D2D1590123E8E1BA00A6A604 /* SectionView.swift */ = {isa = PBXFileReference; lastKnownFileType = sourcecode.swift; path = SectionView.swift; sourceTree = "<group>"; };
		D2D1590323E91EE500A6A604 /* DataEntryDataSource.swift */ = {isa = PBXFileReference; lastKnownFileType = sourcecode.swift; path = DataEntryDataSource.swift; sourceTree = "<group>"; };
/* End PBXFileReference section */

/* Begin PBXFrameworksBuildPhase section */
		D237D93723E8C40C003E3757 /* Frameworks */ = {
			isa = PBXFrameworksBuildPhase;
			buildActionMask = 2147483647;
			files = (
			);
			runOnlyForDeploymentPostprocessing = 0;
		};
/* End PBXFrameworksBuildPhase section */

/* Begin PBXGroup section */
		D237D93123E8C40C003E3757 = {
			isa = PBXGroup;
			children = (
				D237D93C23E8C40C003E3757 /* ISF Calc */,
				D237D93B23E8C40C003E3757 /* Products */,
			);
			sourceTree = "<group>";
		};
		D237D93B23E8C40C003E3757 /* Products */ = {
			isa = PBXGroup;
			children = (
				D237D93A23E8C40C003E3757 /* ISF Calc.app */,
			);
			name = Products;
			sourceTree = "<group>";
		};
		D237D93C23E8C40C003E3757 /* ISF Calc */ = {
			isa = PBXGroup;
			children = (
				D237D93D23E8C40C003E3757 /* AppDelegate.swift */,
				D237D93F23E8C40C003E3757 /* SceneDelegate.swift */,
				D237D95823E8C4B9003E3757 /* Model */,
				D237D95723E8C4B3003E3757 /* View */,
				D237D95623E8C4AC003E3757 /* Controller */,
				D237D94323E8C40C003E3757 /* Main.storyboard */,
				D237D94923E8C40D003E3757 /* Assets.xcassets */,
				D237D94B23E8C40D003E3757 /* LaunchScreen.storyboard */,
				D237D94E23E8C40D003E3757 /* Info.plist */,
				D237D94623E8C40C003E3757 /* ISF_Calc.xcdatamodeld */,
			);
			path = "ISF Calc";
			sourceTree = "<group>";
		};
		D237D95623E8C4AC003E3757 /* Controller */ = {
			isa = PBXGroup;
			children = (
				D237D94123E8C40C003E3757 /* CalculatorViewController.swift */,
				D237D95923E8C4EA003E3757 /* TabViewController.swift */,
				D237D95B23E8C577003E3757 /* RecordsViewController.swift */,
				D237D95423E8C483003E3757 /* ResultViewController.swift */,
			);
			path = Controller;
			sourceTree = "<group>";
		};
		D237D95723E8C4B3003E3757 /* View */ = {
			isa = PBXGroup;
			children = (
				D2D158FD23E8DB3000A6A604 /* DataEntryTableViewCell.swift */,
				D2D1590123E8E1BA00A6A604 /* SectionView.swift */,
			);
			path = View;
			sourceTree = "<group>";
		};
		D237D95823E8C4B9003E3757 /* Model */ = {
			isa = PBXGroup;
			children = (
				D2D158FF23E8DD3800A6A604 /* EntryOptions.swift */,
				D2D1590323E91EE500A6A604 /* DataEntryDataSource.swift */,
			);
			path = Model;
			sourceTree = "<group>";
		};
/* End PBXGroup section */

/* Begin PBXNativeTarget section */
		D237D93923E8C40C003E3757 /* ISF Calc */ = {
			isa = PBXNativeTarget;
			buildConfigurationList = D237D95123E8C40D003E3757 /* Build configuration list for PBXNativeTarget "ISF Calc" */;
			buildPhases = (
				D237D93623E8C40C003E3757 /* Sources */,
				D237D93723E8C40C003E3757 /* Frameworks */,
				D237D93823E8C40C003E3757 /* Resources */,
			);
			buildRules = (
			);
			dependencies = (
			);
			name = "ISF Calc";
			productName = "ISF Calc";
			productReference = D237D93A23E8C40C003E3757 /* ISF Calc.app */;
			productType = "com.apple.product-type.application";
		};
/* End PBXNativeTarget section */

/* Begin PBXProject section */
		D237D93223E8C40C003E3757 /* Project object */ = {
			isa = PBXProject;
			attributes = {
				LastSwiftUpdateCheck = 1120;
				LastUpgradeCheck = 1120;
				ORGANIZATIONNAME = "Tendaishe Gwini";
				TargetAttributes = {
					D237D93923E8C40C003E3757 = {
						CreatedOnToolsVersion = 11.2.1;
					};
				};
			};
			buildConfigurationList = D237D93523E8C40C003E3757 /* Build configuration list for PBXProject "ISF Calc" */;
			compatibilityVersion = "Xcode 9.3";
			developmentRegion = en;
			hasScannedForEncodings = 0;
			knownRegions = (
				en,
				Base,
			);
			mainGroup = D237D93123E8C40C003E3757;
			productRefGroup = D237D93B23E8C40C003E3757 /* Products */;
			projectDirPath = "";
			projectRoot = "";
			targets = (
				D237D93923E8C40C003E3757 /* ISF Calc */,
			);
		};
/* End PBXProject section */

/* Begin PBXResourcesBuildPhase section */
		D237D93823E8C40C003E3757 /* Resources */ = {
			isa = PBXResourcesBuildPhase;
			buildActionMask = 2147483647;
			files = (
				D237D94D23E8C40D003E3757 /* LaunchScreen.storyboard in Resources */,
				D237D94A23E8C40D003E3757 /* Assets.xcassets in Resources */,
				D237D94523E8C40C003E3757 /* Main.storyboard in Resources */,
			);
			runOnlyForDeploymentPostprocessing = 0;
		};
/* End PBXResourcesBuildPhase section */

/* Begin PBXSourcesBuildPhase section */
		D237D93623E8C40C003E3757 /* Sources */ = {
			isa = PBXSourcesBuildPhase;
			buildActionMask = 2147483647;
			files = (
				D237D95A23E8C4EA003E3757 /* TabViewController.swift in Sources */,
				D237D95C23E8C577003E3757 /* RecordsViewController.swift in Sources */,
				D2D1590223E8E1BA00A6A604 /* SectionView.swift in Sources */,
				D2D1590423E91EE500A6A604 /* DataEntryDataSource.swift in Sources */,
				D237D95523E8C483003E3757 /* ResultViewController.swift in Sources */,
				D237D94223E8C40C003E3757 /* CalculatorViewController.swift in Sources */,
				D237D94823E8C40C003E3757 /* ISF_Calc.xcdatamodeld in Sources */,
				D2D1590023E8DD3800A6A604 /* EntryOptions.swift in Sources */,
				D237D93E23E8C40C003E3757 /* AppDelegate.swift in Sources */,
				D2D158FE23E8DB3000A6A604 /* DataEntryTableViewCell.swift in Sources */,
				D237D94023E8C40C003E3757 /* SceneDelegate.swift in Sources */,
			);
			runOnlyForDeploymentPostprocessing = 0;
		};
/* End PBXSourcesBuildPhase section */

/* Begin PBXVariantGroup section */
		D237D94323E8C40C003E3757 /* Main.storyboard */ = {
			isa = PBXVariantGroup;
			children = (
				D237D94423E8C40C003E3757 /* Base */,
			);
			name = Main.storyboard;
			sourceTree = "<group>";
		};
		D237D94B23E8C40D003E3757 /* LaunchScreen.storyboard */ = {
			isa = PBXVariantGroup;
			children = (
				D237D94C23E8C40D003E3757 /* Base */,
			);
			name = LaunchScreen.storyboard;
			sourceTree = "<group>";
		};
/* End PBXVariantGroup section */

/* Begin XCBuildConfiguration section */
		D237D94F23E8C40D003E3757 /* Debug */ = {
			isa = XCBuildConfiguration;
			buildSettings = {
				ALWAYS_SEARCH_USER_PATHS = NO;
				CLANG_ANALYZER_NONNULL = YES;
				CLANG_ANALYZER_NUMBER_OBJECT_CONVERSION = YES_AGGRESSIVE;
				CLANG_CXX_LANGUAGE_STANDARD = "gnu++14";
				CLANG_CXX_LIBRARY = "libc++";
				CLANG_ENABLE_MODULES = YES;
				CLANG_ENABLE_OBJC_ARC = YES;
				CLANG_ENABLE_OBJC_WEAK = YES;
				CLANG_WARN_BLOCK_CAPTURE_AUTORELEASING = YES;
				CLANG_WARN_BOOL_CONVERSION = YES;
				CLANG_WARN_COMMA = YES;
				CLANG_WARN_CONSTANT_CONVERSION = YES;
				CLANG_WARN_DEPRECATED_OBJC_IMPLEMENTATIONS = YES;
				CLANG_WARN_DIRECT_OBJC_ISA_USAGE = YES_ERROR;
				CLANG_WARN_DOCUMENTATION_COMMENTS = YES;
				CLANG_WARN_EMPTY_BODY = YES;
				CLANG_WARN_ENUM_CONVERSION = YES;
				CLANG_WARN_INFINITE_RECURSION = YES;
				CLANG_WARN_INT_CONVERSION = YES;
				CLANG_WARN_NON_LITERAL_NULL_CONVERSION = YES;
				CLANG_WARN_OBJC_IMPLICIT_RETAIN_SELF = YES;
				CLANG_WARN_OBJC_LITERAL_CONVERSION = YES;
				CLANG_WARN_OBJC_ROOT_CLASS = YES_ERROR;
				CLANG_WARN_RANGE_LOOP_ANALYSIS = YES;
				CLANG_WARN_STRICT_PROTOTYPES = YES;
				CLANG_WARN_SUSPICIOUS_MOVE = YES;
				CLANG_WARN_UNGUARDED_AVAILABILITY = YES_AGGRESSIVE;
				CLANG_WARN_UNREACHABLE_CODE = YES;
				CLANG_WARN__DUPLICATE_METHOD_MATCH = YES;
				COPY_PHASE_STRIP = NO;
				DEBUG_INFORMATION_FORMAT = dwarf;
				ENABLE_STRICT_OBJC_MSGSEND = YES;
				ENABLE_TESTABILITY = YES;
				GCC_C_LANGUAGE_STANDARD = gnu11;
				GCC_DYNAMIC_NO_PIC = NO;
				GCC_NO_COMMON_BLOCKS = YES;
				GCC_OPTIMIZATION_LEVEL = 0;
				GCC_PREPROCESSOR_DEFINITIONS = (
					"DEBUG=1",
					"$(inherited)",
				);
				GCC_WARN_64_TO_32_BIT_CONVERSION = YES;
				GCC_WARN_ABOUT_RETURN_TYPE = YES_ERROR;
				GCC_WARN_UNDECLARED_SELECTOR = YES;
				GCC_WARN_UNINITIALIZED_AUTOS = YES_AGGRESSIVE;
				GCC_WARN_UNUSED_FUNCTION = YES;
				GCC_WARN_UNUSED_VARIABLE = YES;
				IPHONEOS_DEPLOYMENT_TARGET = 13.2;
				MTL_ENABLE_DEBUG_INFO = INCLUDE_SOURCE;
				MTL_FAST_MATH = YES;
				ONLY_ACTIVE_ARCH = YES;
				SDKROOT = iphoneos;
				SWIFT_ACTIVE_COMPILATION_CONDITIONS = DEBUG;
				SWIFT_OPTIMIZATION_LEVEL = "-Onone";
			};
			name = Debug;
		};
		D237D95023E8C40D003E3757 /* Release */ = {
			isa = XCBuildConfiguration;
			buildSettings = {
				ALWAYS_SEARCH_USER_PATHS = NO;
				CLANG_ANALYZER_NONNULL = YES;
				CLANG_ANALYZER_NUMBER_OBJECT_CONVERSION = YES_AGGRESSIVE;
				CLANG_CXX_LANGUAGE_STANDARD = "gnu++14";
				CLANG_CXX_LIBRARY = "libc++";
				CLANG_ENABLE_MODULES = YES;
				CLANG_ENABLE_OBJC_ARC = YES;
				CLANG_ENABLE_OBJC_WEAK = YES;
				CLANG_WARN_BLOCK_CAPTURE_AUTORELEASING = YES;
				CLANG_WARN_BOOL_CONVERSION = YES;
				CLANG_WARN_COMMA = YES;
				CLANG_WARN_CONSTANT_CONVERSION = YES;
				CLANG_WARN_DEPRECATED_OBJC_IMPLEMENTATIONS = YES;
				CLANG_WARN_DIRECT_OBJC_ISA_USAGE = YES_ERROR;
				CLANG_WARN_DOCUMENTATION_COMMENTS = YES;
				CLANG_WARN_EMPTY_BODY = YES;
				CLANG_WARN_ENUM_CONVERSION = YES;
				CLANG_WARN_INFINITE_RECURSION = YES;
				CLANG_WARN_INT_CONVERSION = YES;
				CLANG_WARN_NON_LITERAL_NULL_CONVERSION = YES;
				CLANG_WARN_OBJC_IMPLICIT_RETAIN_SELF = YES;
				CLANG_WARN_OBJC_LITERAL_CONVERSION = YES;
				CLANG_WARN_OBJC_ROOT_CLASS = YES_ERROR;
				CLANG_WARN_RANGE_LOOP_ANALYSIS = YES;
				CLANG_WARN_STRICT_PROTOTYPES = YES;
				CLANG_WARN_SUSPICIOUS_MOVE = YES;
				CLANG_WARN_UNGUARDED_AVAILABILITY = YES_AGGRESSIVE;
				CLANG_WARN_UNREACHABLE_CODE = YES;
				CLANG_WARN__DUPLICATE_METHOD_MATCH = YES;
				COPY_PHASE_STRIP = NO;
				DEBUG_INFORMATION_FORMAT = "dwarf-with-dsym";
				ENABLE_NS_ASSERTIONS = NO;
				ENABLE_STRICT_OBJC_MSGSEND = YES;
				GCC_C_LANGUAGE_STANDARD = gnu11;
				GCC_NO_COMMON_BLOCKS = YES;
				GCC_WARN_64_TO_32_BIT_CONVERSION = YES;
				GCC_WARN_ABOUT_RETURN_TYPE = YES_ERROR;
				GCC_WARN_UNDECLARED_SELECTOR = YES;
				GCC_WARN_UNINITIALIZED_AUTOS = YES_AGGRESSIVE;
				GCC_WARN_UNUSED_FUNCTION = YES;
				GCC_WARN_UNUSED_VARIABLE = YES;
				IPHONEOS_DEPLOYMENT_TARGET = 13.2;
				MTL_ENABLE_DEBUG_INFO = NO;
				MTL_FAST_MATH = YES;
				SDKROOT = iphoneos;
				SWIFT_COMPILATION_MODE = wholemodule;
				SWIFT_OPTIMIZATION_LEVEL = "-O";
				VALIDATE_PRODUCT = YES;
			};
			name = Release;
		};
		D237D95223E8C40D003E3757 /* Debug */ = {
			isa = XCBuildConfiguration;
			buildSettings = {
				ASSETCATALOG_COMPILER_APPICON_NAME = AppIcon;
				CODE_SIGN_STYLE = Automatic;
				DEVELOPMENT_TEAM = 3CGXTTVKR2;
				INFOPLIST_FILE = "ISF Calc/Info.plist";
				IPHONEOS_DEPLOYMENT_TARGET = 13.0;
				LD_RUNPATH_SEARCH_PATHS = (
					"$(inherited)",
					"@executable_path/Frameworks",
				);
				PRODUCT_BUNDLE_IDENTIFIER = "com.tentech.ISF-Calc";
				PRODUCT_NAME = "$(TARGET_NAME)";
				SWIFT_VERSION = 5.0;
				TARGETED_DEVICE_FAMILY = "1,2";
			};
			name = Debug;
		};
		D237D95323E8C40D003E3757 /* Release */ = {
			isa = XCBuildConfiguration;
			buildSettings = {
				ASSETCATALOG_COMPILER_APPICON_NAME = AppIcon;
				CODE_SIGN_STYLE = Automatic;
				DEVELOPMENT_TEAM = 3CGXTTVKR2;
				INFOPLIST_FILE = "ISF Calc/Info.plist";
				IPHONEOS_DEPLOYMENT_TARGET = 13.0;
				LD_RUNPATH_SEARCH_PATHS = (
					"$(inherited)",
					"@executable_path/Frameworks",
				);
				PRODUCT_BUNDLE_IDENTIFIER = "com.tentech.ISF-Calc";
				PRODUCT_NAME = "$(TARGET_NAME)";
				SWIFT_VERSION = 5.0;
				TARGETED_DEVICE_FAMILY = "1,2";
			};
			name = Release;
		};
/* End XCBuildConfiguration section */

/* Begin XCConfigurationList section */
		D237D93523E8C40C003E3757 /* Build configuration list for PBXProject "ISF Calc" */ = {
			isa = XCConfigurationList;
			buildConfigurations = (
				D237D94F23E8C40D003E3757 /* Debug */,
				D237D95023E8C40D003E3757 /* Release */,
			);
			defaultConfigurationIsVisible = 0;
			defaultConfigurationName = Release;
		};
		D237D95123E8C40D003E3757 /* Build configuration list for PBXNativeTarget "ISF Calc" */ = {
			isa = XCConfigurationList;
			buildConfigurations = (
				D237D95223E8C40D003E3757 /* Debug */,
				D237D95323E8C40D003E3757 /* Release */,
			);
			defaultConfigurationIsVisible = 0;
			defaultConfigurationName = Release;
		};
/* End XCConfigurationList section */

/* Begin XCVersionGroup section */
		D237D94623E8C40C003E3757 /* ISF_Calc.xcdatamodeld */ = {
			isa = XCVersionGroup;
			children = (
				D237D94723E8C40C003E3757 /* ISF_Calc.xcdatamodel */,
			);
			currentVersion = D237D94723E8C40C003E3757 /* ISF_Calc.xcdatamodel */;
			path = ISF_Calc.xcdatamodeld;
			sourceTree = "<group>";
			versionGroupType = wrapper.xcdatamodel;
		};
/* End XCVersionGroup section */
	};
	rootObject = D237D93223E8C40C003E3757 /* Project object */;
}
